// !$*UTF8*$!
{
	archiveVersion = 1;
	classes = {
	};
	objectVersion = 48;
	objects = {

/* Begin PBXBuildFile section */
		107807D0206CDC4300490E7D /* TwitterClient.swift in Sources */ = {isa = PBXBuildFile; fileRef = 107807CF206CDC4300490E7D /* TwitterClient.swift */; };
		10CE6BEB206CBE3900B53D68 /* LoginViewController.swift in Sources */ = {isa = PBXBuildFile; fileRef = 10CE6BEA206CBE3900B53D68 /* LoginViewController.swift */; };
		10E4926B20569361007CB10F /* AppDelegate.swift in Sources */ = {isa = PBXBuildFile; fileRef = 10E4926A20569361007CB10F /* AppDelegate.swift */; };
		10E4926D20569361007CB10F /* HomeViewController.swift in Sources */ = {isa = PBXBuildFile; fileRef = 10E4926C20569361007CB10F /* HomeViewController.swift */; };
		10E4927020569361007CB10F /* Main.storyboard in Resources */ = {isa = PBXBuildFile; fileRef = 10E4926E20569361007CB10F /* Main.storyboard */; };
		10E4927520569361007CB10F /* LaunchScreen.storyboard in Resources */ = {isa = PBXBuildFile; fileRef = 10E4927320569361007CB10F /* LaunchScreen.storyboard */; };
		10E4927D20569450007CB10F /* HomeTableViewCell.swift in Sources */ = {isa = PBXBuildFile; fileRef = 10E4927C20569450007CB10F /* HomeTableViewCell.swift */; };
		10E4928120577489007CB10F /* Assets.xcassets in Resources */ = {isa = PBXBuildFile; fileRef = 10E4928020577489007CB10F /* Assets.xcassets */; };
		6EE69395E67EA1D666D5F66C /* Pods_Design2.framework in Frameworks */ = {isa = PBXBuildFile; fileRef = 6B25051DC87E4BC453571D82 /* Pods_Design2.framework */; };
/* End PBXBuildFile section */

/* Begin PBXFileReference section */
		031F34F4C8ED09BA820FBAC0 /* Pods-Design2.debug.xcconfig */ = {isa = PBXFileReference; includeInIndex = 1; lastKnownFileType = text.xcconfig; name = "Pods-Design2.debug.xcconfig"; path = "Pods/Target Support Files/Pods-Design2/Pods-Design2.debug.xcconfig"; sourceTree = "<group>"; };
		07F3C664858409CA449F2C88 /* Pods-Design2.release.xcconfig */ = {isa = PBXFileReference; includeInIndex = 1; lastKnownFileType = text.xcconfig; name = "Pods-Design2.release.xcconfig"; path = "Pods/Target Support Files/Pods-Design2/Pods-Design2.release.xcconfig"; sourceTree = "<group>"; };
		107807CF206CDC4300490E7D /* TwitterClient.swift */ = {isa = PBXFileReference; lastKnownFileType = sourcecode.swift; path = TwitterClient.swift; sourceTree = "<group>"; };
		10CE6BEA206CBE3900B53D68 /* LoginViewController.swift */ = {isa = PBXFileReference; lastKnownFileType = sourcecode.swift; path = LoginViewController.swift; sourceTree = "<group>"; };
		10E4926720569361007CB10F /* Design2.app */ = {isa = PBXFileReference; explicitFileType = wrapper.application; includeInIndex = 0; path = Design2.app; sourceTree = BUILT_PRODUCTS_DIR; };
		10E4926A20569361007CB10F /* AppDelegate.swift */ = {isa = PBXFileReference; lastKnownFileType = sourcecode.swift; path = AppDelegate.swift; sourceTree = "<group>"; };
		10E4926C20569361007CB10F /* HomeViewController.swift */ = {isa = PBXFileReference; lastKnownFileType = sourcecode.swift; path = HomeViewController.swift; sourceTree = "<group>"; };
		10E4926F20569361007CB10F /* Base */ = {isa = PBXFileReference; lastKnownFileType = file.storyboard; name = Base; path = Base.lproj/Main.storyboard; sourceTree = "<group>"; };
		10E4927420569361007CB10F /* Base */ = {isa = PBXFileReference; lastKnownFileType = file.storyboard; name = Base; path = Base.lproj/LaunchScreen.storyboard; sourceTree = "<group>"; };
		10E4927620569361007CB10F /* Info.plist */ = {isa = PBXFileReference; lastKnownFileType = text.plist.xml; path = Info.plist; sourceTree = "<group>"; };
		10E4927C20569450007CB10F /* HomeTableViewCell.swift */ = {isa = PBXFileReference; lastKnownFileType = sourcecode.swift; path = HomeTableViewCell.swift; sourceTree = "<group>"; };
		10E4928020577489007CB10F /* Assets.xcassets */ = {isa = PBXFileReference; lastKnownFileType = folder.assetcatalog; path = Assets.xcassets; sourceTree = "<group>"; };
		6B25051DC87E4BC453571D82 /* Pods_Design2.framework */ = {isa = PBXFileReference; explicitFileType = wrapper.framework; includeInIndex = 0; path = Pods_Design2.framework; sourceTree = BUILT_PRODUCTS_DIR; };
/* End PBXFileReference section */

/* Begin PBXFrameworksBuildPhase section */
		10E4926420569361007CB10F /* Frameworks */ = {
			isa = PBXFrameworksBuildPhase;
			buildActionMask = 2147483647;
			files = (
				6EE69395E67EA1D666D5F66C /* Pods_Design2.framework in Frameworks */,
			);
			runOnlyForDeploymentPostprocessing = 0;
		};
/* End PBXFrameworksBuildPhase section */

/* Begin PBXGroup section */
		020E1F7BAC88E8BF1FC2A79E /* Frameworks */ = {
			isa = PBXGroup;
			children = (
				6B25051DC87E4BC453571D82 /* Pods_Design2.framework */,
			);
			name = Frameworks;
			sourceTree = "<group>";
		};
		10E4925E20569361007CB10F = {
			isa = PBXGroup;
			children = (
				10E4926920569361007CB10F /* Design2 */,
				10E4926820569361007CB10F /* Products */,
				9767C491F9A4A48396D89AC2 /* Pods */,
				020E1F7BAC88E8BF1FC2A79E /* Frameworks */,
			);
			sourceTree = "<group>";
		};
		10E4926820569361007CB10F /* Products */ = {
			isa = PBXGroup;
			children = (
				10E4926720569361007CB10F /* Design2.app */,
			);
			name = Products;
			sourceTree = "<group>";
		};
		10E4926920569361007CB10F /* Design2 */ = {
			isa = PBXGroup;
			children = (
				10E4928020577489007CB10F /* Assets.xcassets */,
				10E4926A20569361007CB10F /* AppDelegate.swift */,
				10E4926C20569361007CB10F /* HomeViewController.swift */,
				10E4926E20569361007CB10F /* Main.storyboard */,
				10E4927320569361007CB10F /* LaunchScreen.storyboard */,
				10E4927620569361007CB10F /* Info.plist */,
				10E4927C20569450007CB10F /* HomeTableViewCell.swift */,
				10CE6BEA206CBE3900B53D68 /* LoginViewController.swift */,
				107807CF206CDC4300490E7D /* TwitterClient.swift */,
			);
			path = Design2;
			sourceTree = "<group>";
		};
		9767C491F9A4A48396D89AC2 /* Pods */ = {
			isa = PBXGroup;
			children = (
				031F34F4C8ED09BA820FBAC0 /* Pods-Design2.debug.xcconfig */,
				07F3C664858409CA449F2C88 /* Pods-Design2.release.xcconfig */,
			);
			name = Pods;
			sourceTree = "<group>";
		};
/* End PBXGroup section */

/* Begin PBXNativeTarget section */
		10E4926620569361007CB10F /* Design2 */ = {
			isa = PBXNativeTarget;
			buildConfigurationList = 10E4927920569361007CB10F /* Build configuration list for PBXNativeTarget "Design2" */;
			buildPhases = (
				CC3D04E6AC4E1D083B31176D /* [CP] Check Pods Manifest.lock */,
				10E4926320569361007CB10F /* Sources */,
				10E4926420569361007CB10F /* Frameworks */,
				10E4926520569361007CB10F /* Resources */,
				E591BC108E2AB806F45C6034 /* [CP] Embed Pods Frameworks */,
				7D241239486A492C7881F4D6 /* [CP] Copy Pods Resources */,
			);
			buildRules = (
			);
			dependencies = (
			);
			name = Design2;
			productName = Design2;
			productReference = 10E4926720569361007CB10F /* Design2.app */;
			productType = "com.apple.product-type.application";
		};
/* End PBXNativeTarget section */

/* Begin PBXProject section */
		10E4925F20569361007CB10F /* Project object */ = {
			isa = PBXProject;
			attributes = {
				LastSwiftUpdateCheck = 0920;
				LastUpgradeCheck = 0920;
				ORGANIZATIONNAME = LeeX;
				TargetAttributes = {
					10E4926620569361007CB10F = {
						CreatedOnToolsVersion = 9.2;
						ProvisioningStyle = Automatic;
					};
				};
			};
			buildConfigurationList = 10E4926220569361007CB10F /* Build configuration list for PBXProject "Design2" */;
			compatibilityVersion = "Xcode 8.0";
			developmentRegion = en;
			hasScannedForEncodings = 0;
			knownRegions = (
				en,
				Base,
			);
			mainGroup = 10E4925E20569361007CB10F;
			productRefGroup = 10E4926820569361007CB10F /* Products */;
			projectDirPath = "";
			projectRoot = "";
			targets = (
				10E4926620569361007CB10F /* Design2 */,
			);
		};
/* End PBXProject section */

/* Begin PBXResourcesBuildPhase section */
		10E4926520569361007CB10F /* Resources */ = {
			isa = PBXResourcesBuildPhase;
			buildActionMask = 2147483647;
			files = (
				10E4927520569361007CB10F /* LaunchScreen.storyboard in Resources */,
				10E4928120577489007CB10F /* Assets.xcassets in Resources */,
				10E4927020569361007CB10F /* Main.storyboard in Resources */,
			);
			runOnlyForDeploymentPostprocessing = 0;
		};
/* End PBXResourcesBuildPhase section */

/* Begin PBXShellScriptBuildPhase section */
		7D241239486A492C7881F4D6 /* [CP] Copy Pods Resources */ = {
			isa = PBXShellScriptBuildPhase;
			buildActionMask = 2147483647;
			files = (
			);
			inputPaths = (
			);
			name = "[CP] Copy Pods Resources";
			outputPaths = (
			);
			runOnlyForDeploymentPostprocessing = 0;
			shellPath = /bin/sh;
			shellScript = "\"${SRCROOT}/Pods/Target Support Files/Pods-Design2/Pods-Design2-resources.sh\"\n";
			showEnvVarsInLog = 0;
		};
		CC3D04E6AC4E1D083B31176D /* [CP] Check Pods Manifest.lock */ = {
			isa = PBXShellScriptBuildPhase;
			buildActionMask = 2147483647;
			files = (
			);
			inputPaths = (
				"${PODS_PODFILE_DIR_PATH}/Podfile.lock",
				"${PODS_ROOT}/Manifest.lock",
			);
			name = "[CP] Check Pods Manifest.lock";
			outputPaths = (
				"$(DERIVED_FILE_DIR)/Pods-Design2-checkManifestLockResult.txt",
			);
			runOnlyForDeploymentPostprocessing = 0;
			shellPath = /bin/sh;
			shellScript = "diff \"${PODS_PODFILE_DIR_PATH}/Podfile.lock\" \"${PODS_ROOT}/Manifest.lock\" > /dev/null\nif [ $? != 0 ] ; then\n    # print error to STDERR\n    echo \"error: The sandbox is not in sync with the Podfile.lock. Run 'pod install' or update your CocoaPods installation.\" >&2\n    exit 1\nfi\n# This output is used by Xcode 'outputs' to avoid re-running this script phase.\necho \"SUCCESS\" > \"${SCRIPT_OUTPUT_FILE_0}\"\n";
			showEnvVarsInLog = 0;
		};
		E591BC108E2AB806F45C6034 /* [CP] Embed Pods Frameworks */ = {
			isa = PBXShellScriptBuildPhase;
			buildActionMask = 2147483647;
			files = (
			);
			inputPaths = (
				"${SRCROOT}/Pods/Target Support Files/Pods-Design2/Pods-Design2-frameworks.sh",
				"${BUILT_PRODUCTS_DIR}/AFNetworking/AFNetworking.framework",
				"${BUILT_PRODUCTS_DIR}/BDBOAuth1Manager/BDBOAuth1Manager.framework",
			);
			name = "[CP] Embed Pods Frameworks";
			outputPaths = (
				"${TARGET_BUILD_DIR}/${FRAMEWORKS_FOLDER_PATH}/AFNetworking.framework",
				"${TARGET_BUILD_DIR}/${FRAMEWORKS_FOLDER_PATH}/BDBOAuth1Manager.framework",
			);
			runOnlyForDeploymentPostprocessing = 0;
			shellPath = /bin/sh;
			shellScript = "\"${SRCROOT}/Pods/Target Support Files/Pods-Design2/Pods-Design2-frameworks.sh\"\n";
			showEnvVarsInLog = 0;
		};
/* End PBXShellScriptBuildPhase section */

/* Begin PBXSourcesBuildPhase section */
		10E4926320569361007CB10F /* Sources */ = {
			isa = PBXSourcesBuildPhase;
			buildActionMask = 2147483647;
			files = (
				107807D0206CDC4300490E7D /* TwitterClient.swift in Sources */,
				10CE6BEB206CBE3900B53D68 /* LoginViewController.swift in Sources */,
				10E4927D20569450007CB10F /* HomeTableViewCell.swift in Sources */,
				10E4926D20569361007CB10F /* HomeViewController.swift in Sources */,
				10E4926B20569361007CB10F /* AppDelegate.swift in Sources */,
			);
			runOnlyForDeploymentPostprocessing = 0;
		};
/* End PBXSourcesBuildPhase section */

/* Begin PBXVariantGroup section */
		10E4926E20569361007CB10F /* Main.storyboard */ = {
			isa = PBXVariantGroup;
			children = (
				10E4926F20569361007CB10F /* Base */,
			);
			name = Main.storyboard;
			sourceTree = "<group>";
		};
		10E4927320569361007CB10F /* LaunchScreen.storyboard */ = {
			isa = PBXVariantGroup;
			children = (
				10E4927420569361007CB10F /* Base */,
			);
			name = LaunchScreen.storyboard;
			sourceTree = "<group>";
		};
/* End PBXVariantGroup section */

/* Begin XCBuildConfiguration section */
		10E4927720569361007CB10F /* Debug */ = {
			isa = XCBuildConfiguration;
			buildSettings = {
				ALWAYS_SEARCH_USER_PATHS = NO;
				CLANG_ANALYZER_NONNULL = YES;
				CLANG_ANALYZER_NUMBER_OBJECT_CONVERSION = YES_AGGRESSIVE;
				CLANG_CXX_LANGUAGE_STANDARD = "gnu++14";
				CLANG_CXX_LIBRARY = "libc++";
				CLANG_ENABLE_MODULES = YES;
				CLANG_ENABLE_OBJC_ARC = YES;
				CLANG_WARN_BLOCK_CAPTURE_AUTORELEASING = YES;
				CLANG_WARN_BOOL_CONVERSION = YES;
				CLANG_WARN_COMMA = YES;
				CLANG_WARN_CONSTANT_CONVERSION = YES;
				CLANG_WARN_DIRECT_OBJC_ISA_USAGE = YES_ERROR;
				CLANG_WARN_DOCUMENTATION_COMMENTS = YES;
				CLANG_WARN_EMPTY_BODY = YES;
				CLANG_WARN_ENUM_CONVERSION = YES;
				CLANG_WARN_INFINITE_RECURSION = YES;
				CLANG_WARN_INT_CONVERSION = YES;
				CLANG_WARN_NON_LITERAL_NULL_CONVERSION = YES;
				CLANG_WARN_OBJC_LITERAL_CONVERSION = YES;
				CLANG_WARN_OBJC_ROOT_CLASS = YES_ERROR;
				CLANG_WARN_RANGE_LOOP_ANALYSIS = YES;
				CLANG_WARN_STRICT_PROTOTYPES = YES;
				CLANG_WARN_SUSPICIOUS_MOVE = YES;
				CLANG_WARN_UNGUARDED_AVAILABILITY = YES_AGGRESSIVE;
				CLANG_WARN_UNREACHABLE_CODE = YES;
				CLANG_WARN__DUPLICATE_METHOD_MATCH = YES;
				CODE_SIGN_IDENTITY = "iPhone Developer";
				COPY_PHASE_STRIP = NO;
				DEBUG_INFORMATION_FORMAT = dwarf;
				ENABLE_STRICT_OBJC_MSGSEND = YES;
				ENABLE_TESTABILITY = YES;
				GCC_C_LANGUAGE_STANDARD = gnu11;
				GCC_DYNAMIC_NO_PIC = NO;
				GCC_NO_COMMON_BLOCKS = YES;
				GCC_OPTIMIZATION_LEVEL = 0;
				GCC_PREPROCESSOR_DEFINITIONS = (
					"DEBUG=1",
					"$(inherited)",
				);
				GCC_WARN_64_TO_32_BIT_CONVERSION = YES;
				GCC_WARN_ABOUT_RETURN_TYPE = YES_ERROR;
				GCC_WARN_UNDECLARED_SELECTOR = YES;
				GCC_WARN_UNINITIALIZED_AUTOS = YES_AGGRESSIVE;
				GCC_WARN_UNUSED_FUNCTION = YES;
				GCC_WARN_UNUSED_VARIABLE = YES;
				IPHONEOS_DEPLOYMENT_TARGET = 11.2;
				MTL_ENABLE_DEBUG_INFO = YES;
				ONLY_ACTIVE_ARCH = YES;
				SDKROOT = iphoneos;
				SWIFT_ACTIVE_COMPILATION_CONDITIONS = DEBUG;
				SWIFT_OPTIMIZATION_LEVEL = "-Onone";
			};
			name = Debug;
		};
		10E4927820569361007CB10F /* Release */ = {
			isa = XCBuildConfiguration;
			buildSettings = {
				ALWAYS_SEARCH_USER_PATHS = NO;
				CLANG_ANALYZER_NONNULL = YES;
				CLANG_ANALYZER_NUMBER_OBJECT_CONVERSION = YES_AGGRESSIVE;
				CLANG_CXX_LANGUAGE_STANDARD = "gnu++14";
				CLANG_CXX_LIBRARY = "libc++";
				CLANG_ENABLE_MODULES = YES;
				CLANG_ENABLE_OBJC_ARC = YES;
				CLANG_WARN_BLOCK_CAPTURE_AUTORELEASING = YES;
				CLANG_WARN_BOOL_CONVERSION = YES;
				CLANG_WARN_COMMA = YES;
				CLANG_WARN_CONSTANT_CONVERSION = YES;
				CLANG_WARN_DIRECT_OBJC_ISA_USAGE = YES_ERROR;
				CLANG_WARN_DOCUMENTATION_COMMENTS = YES;
				CLANG_WARN_EMPTY_BODY = YES;
				CLANG_WARN_ENUM_CONVERSION = YES;
				CLANG_WARN_INFINITE_RECURSION = YES;
				CLANG_WARN_INT_CONVERSION = YES;
				CLANG_WARN_NON_LITERAL_NULL_CONVERSION = YES;
				CLANG_WARN_OBJC_LITERAL_CONVERSION = YES;
				CLANG_WARN_OBJC_ROOT_CLASS = YES_ERROR;
				CLANG_WARN_RANGE_LOOP_ANALYSIS = YES;
				CLANG_WARN_STRICT_PROTOTYPES = YES;
				CLANG_WARN_SUSPICIOUS_MOVE = YES;
				CLANG_WARN_UNGUARDED_AVAILABILITY = YES_AGGRESSIVE;
				CLANG_WARN_UNREACHABLE_CODE = YES;
				CLANG_WARN__DUPLICATE_METHOD_MATCH = YES;
				CODE_SIGN_IDENTITY = "iPhone Developer";
				COPY_PHASE_STRIP = NO;
				DEBUG_INFORMATION_FORMAT = "dwarf-with-dsym";
				ENABLE_NS_ASSERTIONS = NO;
				ENABLE_STRICT_OBJC_MSGSEND = YES;
				GCC_C_LANGUAGE_STANDARD = gnu11;
				GCC_NO_COMMON_BLOCKS = YES;
				GCC_WARN_64_TO_32_BIT_CONVERSION = YES;
				GCC_WARN_ABOUT_RETURN_TYPE = YES_ERROR;
				GCC_WARN_UNDECLARED_SELECTOR = YES;
				GCC_WARN_UNINITIALIZED_AUTOS = YES_AGGRESSIVE;
				GCC_WARN_UNUSED_FUNCTION = YES;
				GCC_WARN_UNUSED_VARIABLE = YES;
				IPHONEOS_DEPLOYMENT_TARGET = 11.2;
				MTL_ENABLE_DEBUG_INFO = NO;
				SDKROOT = iphoneos;
				SWIFT_OPTIMIZATION_LEVEL = "-Owholemodule";
				VALIDATE_PRODUCT = YES;
			};
			name = Release;
		};
		10E4927A20569361007CB10F /* Debug */ = {
			isa = XCBuildConfiguration;
			baseConfigurationReference = 031F34F4C8ED09BA820FBAC0 /* Pods-Design2.debug.xcconfig */;
			buildSettings = {
				ASSETCATALOG_COMPILER_APPICON_NAME = AppIcon;
				CODE_SIGN_STYLE = Automatic;
				DEVELOPMENT_TEAM = 3KVCFKUZZ6;
				INFOPLIST_FILE = Design2/Info.plist;
				IPHONEOS_DEPLOYMENT_TARGET = 9.1;
				LD_RUNPATH_SEARCH_PATHS = "$(inherited) @executable_path/Frameworks";
				PRODUCT_BUNDLE_IDENTIFIER = LeeX.Design2;
				PRODUCT_NAME = "$(TARGET_NAME)";
				SWIFT_VERSION = 4.0;
				TARGETED_DEVICE_FAMILY = "1,2";
			};
			name = Debug;
		};
		10E4927B20569361007CB10F /* Release */ = {
			isa = XCBuildConfiguration;
			baseConfigurationReference = 07F3C664858409CA449F2C88 /* Pods-Design2.release.xcconfig */;
			buildSettings = {
				ASSETCATALOG_COMPILER_APPICON_NAME = AppIcon;
				CODE_SIGN_STYLE = Automatic;
				DEVELOPMENT_TEAM = 3KVCFKUZZ6;
				INFOPLIST_FILE = Design2/Info.plist;
				IPHONEOS_DEPLOYMENT_TARGET = 9.1;
				LD_RUNPATH_SEARCH_PATHS = "$(inherited) @executable_path/Frameworks";
				PRODUCT_BUNDLE_IDENTIFIER = LeeX.Design2;
				PRODUCT_NAME = "$(TARGET_NAME)";
				SWIFT_VERSION = 4.0;
				TARGETED_DEVICE_FAMILY = "1,2";
			};
			name = Release;
		};
/* End XCBuildConfiguration section */

/* Begin XCConfigurationList section */
		10E4926220569361007CB10F /* Build configuration list for PBXProject "Design2" */ = {
			isa = XCConfigurationList;
			buildConfigurations = (
				10E4927720569361007CB10F /* Debug */,
				10E4927820569361007CB10F /* Release */,
			);
			defaultConfigurationIsVisible = 0;
			defaultConfigurationName = Release;
		};
		10E4927920569361007CB10F /* Build configuration list for PBXNativeTarget "Design2" */ = {
			isa = XCConfigurationList;
			buildConfigurations = (
				10E4927A20569361007CB10F /* Debug */,
				10E4927B20569361007CB10F /* Release */,
			);
			defaultConfigurationIsVisible = 0;
			defaultConfigurationName = Release;
		};
/* End XCConfigurationList section */
	};
	rootObject = 10E4925F20569361007CB10F /* Project object */;
}
